{
	"name": "ToDoApp",
	"version": "0.0.1",
	"lockfileVersion": 1,
	"requires": true,
	"dependencies": {
		"babel-jest": {
			"version": "21.2.0",
			"resolved": "https://registry.npmjs.org/babel-jest/-/babel-jest-21.2.0.tgz",
			"integrity": "sha512-O0W2qLoWu1QOoOGgxiR2JID4O6WSpxPiQanrkyi9SSlM0PJ60Ptzlck47lhtnr9YZO3zYOsxHwnyeWJ6AffoBQ==",
			"dev": true
		},
		"babel-preset-react-native": {
			"version": "4.0.0",
			"resolved": "https://registry.npmjs.org/babel-preset-react-native/-/babel-preset-react-native-4.0.0.tgz",
			"integrity": "sha512-Wfbo6x244nUbBxjr7hQaNFdjj7FDYU+TVT7cFVPEdVPI68vhN52iLvamm+ErhNdHq6M4j1cMT6AJBYx7Wzdr0g==",
			"dev": true,
			"dependencies": {
				"babel-plugin-react-transform": {
					"version": "3.0.0",
					"resolved": "https://registry.npmjs.org/babel-plugin-react-transform/-/babel-plugin-react-transform-3.0.0.tgz",
					"integrity": "sha512-4vJGddwPiHAOgshzZdGwYy4zRjjIr5SMY7gkOaCyIASjgpcsyLTlZNuB5rHOFoaTvGlhfo8/g4pobXPyHqm/3w=="
				}
			}
		},
		"jest": {
			"version": "21.2.1",
			"resolved": "https://registry.npmjs.org/jest/-/jest-21.2.1.tgz",
			"integrity": "sha512-mXN0ppPvWYoIcC+R+ctKxAJ28xkt/Z5Js875padm4GbgUn6baeR5N4Ng6LjatIRpUQDZVJABT7Y4gucFjPryfw==",
			"dev": true,
			"dependencies": {
				"ansi-regex": {
					"version": "3.0.0",
					"resolved": "https://registry.npmjs.org/ansi-regex/-/ansi-regex-3.0.0.tgz",
					"integrity": "sha1-7QMXwyIGT3lGbAKWa922Bas32Zg="
				},
				"ansi-styles": {
					"version": "3.2.0",
					"resolved": "https://registry.npmjs.org/ansi-styles/-/ansi-styles-3.2.0.tgz",
					"integrity": "sha512-NnSOmMEYtVR2JVMIGTzynRkkaxtiq1xnFBcdQD/DnNCYPoEPsVJhM98BDyaoNOQIi7p4okdi3E27eN7GQbsUug=="
				},
				"camelcase": {
					"version": "4.1.0",
					"resolved": "https://registry.npmjs.org/camelcase/-/camelcase-4.1.0.tgz",
					"integrity": "sha1-1UVjW+HjPFQmScaRc+Xeas+uNN0="
				},
				"chalk": {
					"version": "2.2.0",
					"resolved": "https://registry.npmjs.org/chalk/-/chalk-2.2.0.tgz",
					"integrity": "sha512-0BMM/2hG3ZaoPfR6F+h/oWpZtsh3b/s62TjSM6MGCJWEbJDN1acqCXvyhhZsDSVFklpebUoQ5O1kKC7lOzrn9g=="
				},
				"cliui": {
					"version": "3.2.0",
					"resolved": "https://registry.npmjs.org/cliui/-/cliui-3.2.0.tgz",
					"integrity": "sha1-EgYBU3qRbSmUD5NNo7SNWFo5IT0=",
					"dependencies": {
						"ansi-regex": {
							"version": "2.1.1",
							"resolved": "https://registry.npmjs.org/ansi-regex/-/ansi-regex-2.1.1.tgz",
							"integrity": "sha1-w7M6te42DYbg5ijwRorn7yfWVN8="
						},
						"string-width": {
							"version": "1.0.2",
							"resolved": "https://registry.npmjs.org/string-width/-/string-width-1.0.2.tgz",
							"integrity": "sha1-EYvfW4zcUaKn5w0hHgfisLmxB9M="
						},
						"strip-ansi": {
							"version": "3.0.1",
							"resolved": "https://registry.npmjs.org/strip-ansi/-/strip-ansi-3.0.1.tgz",
							"integrity": "sha1-ajhfuIU9lS1f8F0Oiq+UJ43GPc8="
						}
					}
				},
				"find-up": {
					"version": "2.1.0",
					"resolved": "https://registry.npmjs.org/find-up/-/find-up-2.1.0.tgz",
					"integrity": "sha1-RdG35QbHF93UgndaK3eSCjwMV6c="
				},
				"is-fullwidth-code-point": {
					"version": "1.0.0",
					"resolved": "https://registry.npmjs.org/is-fullwidth-code-point/-/is-fullwidth-code-point-1.0.0.tgz",
					"integrity": "sha1-754xOG8DGn8NZDr4L95QxFfvAMs="
				},
				"jest-cli": {
					"version": "21.2.1",
					"resolved": "https://registry.npmjs.org/jest-cli/-/jest-cli-21.2.1.tgz",
					"integrity": "sha512-T1BzrbFxDIW/LLYQqVfo94y/hhaj1NzVQkZgBumAC+sxbjMROI7VkihOdxNR758iYbQykL2ZOWUBurFgkQrzdg=="
				},
				"jest-docblock": {
					"version": "21.2.0",
					"resolved": "https://registry.npmjs.org/jest-docblock/-/jest-docblock-21.2.0.tgz",
					"integrity": "sha512-5IZ7sY9dBAYSV+YjQ0Ovb540Ku7AO9Z5o2Cg789xj167iQuZ2cG+z0f3Uct6WeYLbU6aQiM2pCs7sZ+4dotydw=="
				},
				"jest-haste-map": {
					"version": "21.2.0",
					"resolved": "https://registry.npmjs.org/jest-haste-map/-/jest-haste-map-21.2.0.tgz",
					"integrity": "sha512-5LhsY/loPH7wwOFRMs+PT4aIAORJ2qwgbpMFlbWbxfN0bk3ZCwxJ530vrbSiTstMkYLao6JwBkLhCJ5XbY7ZHw=="
				},
				"load-json-file": {
					"version": "2.0.0",
					"resolved": "https://registry.npmjs.org/load-json-file/-/load-json-file-2.0.0.tgz",
					"integrity": "sha1-eUfkIUmvgNaWy/eXvKq8/h/inKg=",
					"dependencies": {
						"pify": {
							"version": "2.3.0",
							"resolved": "https://registry.npmjs.org/pify/-/pify-2.3.0.tgz",
							"integrity": "sha1-7RQaasBDqEnqWISY59yosVMw6Qw="
						}
					}
				},
				"os-locale": {
					"version": "2.1.0",
					"resolved": "https://registry.npmjs.org/os-locale/-/os-locale-2.1.0.tgz",
					"integrity": "sha512-3sslG3zJbEYcaC4YVAvDorjGxc7tv6KVATnLPZONiljsUncvihe9BQoVCEs0RZ1kmf4Hk9OBqlZfJZWI4GanKA=="
				},
				"path-type": {
					"version": "2.0.0",
					"resolved": "https://registry.npmjs.org/path-type/-/path-type-2.0.0.tgz",
					"integrity": "sha1-8BLMuEFbcJb8LaoQVMPXI4lZTHM=",
					"dependencies": {
						"pify": {
							"version": "2.3.0",
							"resolved": "https://registry.npmjs.org/pify/-/pify-2.3.0.tgz",
							"integrity": "sha1-7RQaasBDqEnqWISY59yosVMw6Qw="
						}
					}
				},
				"pify": {
					"version": "3.0.0",
					"resolved": "https://registry.npmjs.org/pify/-/pify-3.0.0.tgz",
					"integrity": "sha1-5aSs0sEB/fPZpNB/DbxNtJ3SgXY="
				},
				"read-pkg": {
					"version": "2.0.0",
					"resolved": "https://registry.npmjs.org/read-pkg/-/read-pkg-2.0.0.tgz",
					"integrity": "sha1-jvHAYjxqbbDcZxPEv6xGMysjaPg="
				},
				"read-pkg-up": {
					"version": "2.0.0",
					"resolved": "https://registry.npmjs.org/read-pkg-up/-/read-pkg-up-2.0.0.tgz",
					"integrity": "sha1-a3KoBImE4MQeeVEP1en6mbO1Sb4="
				},
				"strip-ansi": {
					"version": "4.0.0",
					"resolved": "https://registry.npmjs.org/strip-ansi/-/strip-ansi-4.0.0.tgz",
					"integrity": "sha1-qEeQIusaw2iocTibY1JixQXuNo8="
				},
				"strip-bom": {
					"version": "3.0.0",
					"resolved": "https://registry.npmjs.org/strip-bom/-/strip-bom-3.0.0.tgz",
					"integrity": "sha1-IzTBjpx1n3vdVv3vfprj1YjmjtM="
				},
				"supports-color": {
					"version": "4.5.0",
					"resolved": "https://registry.npmjs.org/supports-color/-/supports-color-4.5.0.tgz",
					"integrity": "sha1-vnoN5ITexcXN34s9WRJQRJEvY1s="
				},
				"which-module": {
					"version": "2.0.0",
					"resolved": "https://registry.npmjs.org/which-module/-/which-module-2.0.0.tgz",
					"integrity": "sha1-2e8H3Od7mQK4o6j6SzHD4/fm6Ho="
				},
				"yargs": {
					"version": "9.0.1",
					"resolved": "https://registry.npmjs.org/yargs/-/yargs-9.0.1.tgz",
					"integrity": "sha1-UqzCP+7Kw0BCB47njAwAf1CF20w="
				},
				"yargs-parser": {
					"version": "7.0.0",
					"resolved": "https://registry.npmjs.org/yargs-parser/-/yargs-parser-7.0.0.tgz",
					"integrity": "sha1-jQrELxbqVd69MyyvTEA4s+P139k="
				}
			}
		},
		"react": {
			"version": "16.0.0-beta.5",
			"resolved": "https://registry.npmjs.org/react/-/react-16.0.0-beta.5.tgz",
			"integrity": "sha512-FZSIxm5aO24tzl+11WWZSlYY9QCM3qm32f0+VEmAimm5ZFAiXdcHPdsWnCW00zkHIXszh9AWeOXu0OEqq30FSQ=="
		},
		"react-native": {
			"version": "0.49.3",
			"resolved": "https://registry.npmjs.org/react-native/-/react-native-0.49.3.tgz",
			"integrity": "sha1-DKRZ7kn5xZ6DJrLO2eNMWTM6LyY=",
			"dependencies": {
				"fbjs": {
					"version": "0.8.14",
					"resolved": "https://registry.npmjs.org/fbjs/-/fbjs-0.8.14.tgz",
					"integrity": "sha1-0dviviVMNakeCfMfnNUKQLKg7Rw="
				},
				"whatwg-fetch": {
					"version": "1.1.1",
					"resolved": "https://registry.npmjs.org/whatwg-fetch/-/whatwg-fetch-1.1.1.tgz",
					"integrity": "sha1-rDydOfMgxtzlM5lp0FTvQ90zMxk="
				}
			}
		},
		"react-test-renderer": {
			"version": "16.0.0-beta.5",
			"resolved": "https://registry.npmjs.org/react-test-renderer/-/react-test-renderer-16.0.0-beta.5.tgz",
			"integrity": "sha512-cTgpGjbew12c6MZqTe4qjWE91GxRrl9nRHYJKLayPSu10E4ZeMr/xOVy4fkY78dKwgSJVu/6oYIoN84leh81XA==",
			"dev": true
		},
		"tcomb-form-native": {
			"version": "0.6.11",
			"resolved": "https://registry.npmjs.org/tcomb-form-native/-/tcomb-form-native-0.6.11.tgz",
			"integrity": "sha512-wFqSsDOe+4ERpmAkNzjFubAna/nhBRpm6Ri3hP4ubZkVVhE7MHhcNMcRQ4+xnTx5DxNJaB1VoSPePUIblJs87Q=="
		}
	}
}
